// !$*UTF8*$!
{
	archiveVersion = 1;
	classes = {
	};
	objectVersion = 46;
	objects = {

/* Begin PBXBuildFile section */
		8532ED742020035F008D2EDA /* AppDelegate.swift in Sources */ = {isa = PBXBuildFile; fileRef = 8532ED732020035F008D2EDA /* AppDelegate.swift */; };
		8532ED762020035F008D2EDA /* ViewController.swift in Sources */ = {isa = PBXBuildFile; fileRef = 8532ED752020035F008D2EDA /* ViewController.swift */; };
		8532ED792020035F008D2EDA /* Main.storyboard in Resources */ = {isa = PBXBuildFile; fileRef = 8532ED772020035F008D2EDA /* Main.storyboard */; };
		8532ED7B2020035F008D2EDA /* Assets.xcassets in Resources */ = {isa = PBXBuildFile; fileRef = 8532ED7A2020035F008D2EDA /* Assets.xcassets */; };
		8532ED7E2020035F008D2EDA /* LaunchScreen.storyboard in Resources */ = {isa = PBXBuildFile; fileRef = 8532ED7C2020035F008D2EDA /* LaunchScreen.storyboard */; };
		8532ED8920200360008D2EDA /* practica_transicionesTests.swift in Sources */ = {isa = PBXBuildFile; fileRef = 8532ED8820200360008D2EDA /* practica_transicionesTests.swift */; };
		8532ED9420200360008D2EDA /* practica_transicionesUITests.swift in Sources */ = {isa = PBXBuildFile; fileRef = 8532ED9320200360008D2EDA /* practica_transicionesUITests.swift */; };
/* End PBXBuildFile section */

/* Begin PBXContainerItemProxy section */
		8532ED8520200360008D2EDA /* PBXContainerItemProxy */ = {
			isa = PBXContainerItemProxy;
			containerPortal = 8532ED682020035F008D2EDA /* Project object */;
			proxyType = 1;
			remoteGlobalIDString = 8532ED6F2020035F008D2EDA;
			remoteInfo = practica_transiciones;
		};
		8532ED9020200360008D2EDA /* PBXContainerItemProxy */ = {
			isa = PBXContainerItemProxy;
			containerPortal = 8532ED682020035F008D2EDA /* Project object */;
			proxyType = 1;
			remoteGlobalIDString = 8532ED6F2020035F008D2EDA;
			remoteInfo = practica_transiciones;
		};
/* End PBXContainerItemProxy section */

/* Begin PBXFileReference section */
		8532ED702020035F008D2EDA /* practica_transiciones.app */ = {isa = PBXFileReference; explicitFileType = wrapper.application; includeInIndex = 0; path = practica_transiciones.app; sourceTree = BUILT_PRODUCTS_DIR; };
		8532ED732020035F008D2EDA /* AppDelegate.swift */ = {isa = PBXFileReference; lastKnownFileType = sourcecode.swift; path = AppDelegate.swift; sourceTree = "<group>"; };
		8532ED752020035F008D2EDA /* ViewController.swift */ = {isa = PBXFileReference; lastKnownFileType = sourcecode.swift; path = ViewController.swift; sourceTree = "<group>"; };
		8532ED782020035F008D2EDA /* Base */ = {isa = PBXFileReference; lastKnownFileType = file.storyboard; name = Base; path = Base.lproj/Main.storyboard; sourceTree = "<group>"; };
		8532ED7A2020035F008D2EDA /* Assets.xcassets */ = {isa = PBXFileReference; lastKnownFileType = folder.assetcatalog; path = Assets.xcassets; sourceTree = "<group>"; };
		8532ED7D2020035F008D2EDA /* Base */ = {isa = PBXFileReference; lastKnownFileType = file.storyboard; name = Base; path = Base.lproj/LaunchScreen.storyboard; sourceTree = "<group>"; };
		8532ED7F20200360008D2EDA /* Info.plist */ = {isa = PBXFileReference; lastKnownFileType = text.plist.xml; path = Info.plist; sourceTree = "<group>"; };
		8532ED8420200360008D2EDA /* practica_transicionesTests.xctest */ = {isa = PBXFileReference; explicitFileType = wrapper.cfbundle; includeInIndex = 0; path = practica_transicionesTests.xctest; sourceTree = BUILT_PRODUCTS_DIR; };
		8532ED8820200360008D2EDA /* practica_transicionesTests.swift */ = {isa = PBXFileReference; lastKnownFileType = sourcecode.swift; path = practica_transicionesTests.swift; sourceTree = "<group>"; };
		8532ED8A20200360008D2EDA /* Info.plist */ = {isa = PBXFileReference; lastKnownFileType = text.plist.xml; path = Info.plist; sourceTree = "<group>"; };
		8532ED8F20200360008D2EDA /* practica_transicionesUITests.xctest */ = {isa = PBXFileReference; explicitFileType = wrapper.cfbundle; includeInIndex = 0; path = practica_transicionesUITests.xctest; sourceTree = BUILT_PRODUCTS_DIR; };
		8532ED9320200360008D2EDA /* practica_transicionesUITests.swift */ = {isa = PBXFileReference; lastKnownFileType = sourcecode.swift; path = practica_transicionesUITests.swift; sourceTree = "<group>"; };
		8532ED9520200360008D2EDA /* Info.plist */ = {isa = PBXFileReference; lastKnownFileType = text.plist.xml; path = Info.plist; sourceTree = "<group>"; };
/* End PBXFileReference section */

/* Begin PBXFrameworksBuildPhase section */
		8532ED6D2020035F008D2EDA /* Frameworks */ = {
			isa = PBXFrameworksBuildPhase;
			buildActionMask = 2147483647;
			files = (
			);
			runOnlyForDeploymentPostprocessing = 0;
		};
		8532ED8120200360008D2EDA /* Frameworks */ = {
			isa = PBXFrameworksBuildPhase;
			buildActionMask = 2147483647;
			files = (
			);
			runOnlyForDeploymentPostprocessing = 0;
		};
		8532ED8C20200360008D2EDA /* Frameworks */ = {
			isa = PBXFrameworksBuildPhase;
			buildActionMask = 2147483647;
			files = (
			);
			runOnlyForDeploymentPostprocessing = 0;
		};
/* End PBXFrameworksBuildPhase section */

/* Begin PBXGroup section */
		8532ED672020035F008D2EDA = {
			isa = PBXGroup;
			children = (
				8532ED722020035F008D2EDA /* practica_transiciones */,
				8532ED8720200360008D2EDA /* practica_transicionesTests */,
				8532ED9220200360008D2EDA /* practica_transicionesUITests */,
				8532ED712020035F008D2EDA /* Products */,
			);
			sourceTree = "<group>";
		};
		8532ED712020035F008D2EDA /* Products */ = {
			isa = PBXGroup;
			children = (
				8532ED702020035F008D2EDA /* practica_transiciones.app */,
				8532ED8420200360008D2EDA /* practica_transicionesTests.xctest */,
				8532ED8F20200360008D2EDA /* practica_transicionesUITests.xctest */,
			);
			name = Products;
			sourceTree = "<group>";
		};
		8532ED722020035F008D2EDA /* practica_transiciones */ = {
			isa = PBXGroup;
			children = (
				8532ED732020035F008D2EDA /* AppDelegate.swift */,
				8532ED752020035F008D2EDA /* ViewController.swift */,
				8532ED772020035F008D2EDA /* Main.storyboard */,
				8532ED7A2020035F008D2EDA /* Assets.xcassets */,
				8532ED7C2020035F008D2EDA /* LaunchScreen.storyboard */,
				8532ED7F20200360008D2EDA /* Info.plist */,
			);
			path = practica_transiciones;
			sourceTree = "<group>";
		};
		8532ED8720200360008D2EDA /* practica_transicionesTests */ = {
			isa = PBXGroup;
			children = (
				8532ED8820200360008D2EDA /* practica_transicionesTests.swift */,
				8532ED8A20200360008D2EDA /* Info.plist */,
			);
			path = practica_transicionesTests;
			sourceTree = "<group>";
		};
		8532ED9220200360008D2EDA /* practica_transicionesUITests */ = {
			isa = PBXGroup;
			children = (
				8532ED9320200360008D2EDA /* practica_transicionesUITests.swift */,
				8532ED9520200360008D2EDA /* Info.plist */,
			);
			path = practica_transicionesUITests;
			sourceTree = "<group>";
		};
/* End PBXGroup section */

/* Begin PBXNativeTarget section */
		8532ED6F2020035F008D2EDA /* practica_transiciones */ = {
			isa = PBXNativeTarget;
			buildConfigurationList = 8532ED9820200360008D2EDA /* Build configuration list for PBXNativeTarget "practica_transiciones" */;
			buildPhases = (
				8532ED6C2020035F008D2EDA /* Sources */,
				8532ED6D2020035F008D2EDA /* Frameworks */,
				8532ED6E2020035F008D2EDA /* Resources */,
			);
			buildRules = (
			);
			dependencies = (
			);
			name = practica_transiciones;
			productName = practica_transiciones;
			productReference = 8532ED702020035F008D2EDA /* practica_transiciones.app */;
			productType = "com.apple.product-type.application";
		};
		8532ED8320200360008D2EDA /* practica_transicionesTests */ = {
			isa = PBXNativeTarget;
			buildConfigurationList = 8532ED9B20200360008D2EDA /* Build configuration list for PBXNativeTarget "practica_transicionesTests" */;
			buildPhases = (
				8532ED8020200360008D2EDA /* Sources */,
				8532ED8120200360008D2EDA /* Frameworks */,
				8532ED8220200360008D2EDA /* Resources */,
			);
			buildRules = (
			);
			dependencies = (
				8532ED8620200360008D2EDA /* PBXTargetDependency */,
			);
			name = practica_transicionesTests;
			productName = practica_transicionesTests;
			productReference = 8532ED8420200360008D2EDA /* practica_transicionesTests.xctest */;
			productType = "com.apple.product-type.bundle.unit-test";
		};
		8532ED8E20200360008D2EDA /* practica_transicionesUITests */ = {
			isa = PBXNativeTarget;
			buildConfigurationList = 8532ED9E20200360008D2EDA /* Build configuration list for PBXNativeTarget "practica_transicionesUITests" */;
			buildPhases = (
				8532ED8B20200360008D2EDA /* Sources */,
				8532ED8C20200360008D2EDA /* Frameworks */,
				8532ED8D20200360008D2EDA /* Resources */,
			);
			buildRules = (
			);
			dependencies = (
				8532ED9120200360008D2EDA /* PBXTargetDependency */,
			);
			name = practica_transicionesUITests;
			productName = practica_transicionesUITests;
			productReference = 8532ED8F20200360008D2EDA /* practica_transicionesUITests.xctest */;
			productType = "com.apple.product-type.bundle.ui-testing";
		};
/* End PBXNativeTarget section */

/* Begin PBXProject section */
		8532ED682020035F008D2EDA /* Project object */ = {
			isa = PBXProject;
			attributes = {
				LastSwiftUpdateCheck = 0820;
				LastUpgradeCheck = 0820;
				ORGANIZATIONNAME = Maestro;
				TargetAttributes = {
					8532ED6F2020035F008D2EDA = {
						CreatedOnToolsVersion = 8.2;
						ProvisioningStyle = Automatic;
					};
					8532ED8320200360008D2EDA = {
						CreatedOnToolsVersion = 8.2;
						ProvisioningStyle = Automatic;
						TestTargetID = 8532ED6F2020035F008D2EDA;
					};
					8532ED8E20200360008D2EDA = {
						CreatedOnToolsVersion = 8.2;
						ProvisioningStyle = Automatic;
						TestTargetID = 8532ED6F2020035F008D2EDA;
					};
				};
			};
			buildConfigurationList = 8532ED6B2020035F008D2EDA /* Build configuration list for PBXProject "practica_transiciones" */;
			compatibilityVersion = "Xcode 3.2";
			developmentRegion = English;
			hasScannedForEncodings = 0;
			knownRegions = (
				en,
				Base,
			);
			mainGroup = 8532ED672020035F008D2EDA;
			productRefGroup = 8532ED712020035F008D2EDA /* Products */;
			projectDirPath = "";
			projectRoot = "";
			targets = (
				8532ED6F2020035F008D2EDA /* practica_transiciones */,
				8532ED8320200360008D2EDA /* practica_transicionesTests */,
				8532ED8E20200360008D2EDA /* practica_transicionesUITests */,
			);
		};
/* End PBXProject section */

/* Begin PBXResourcesBuildPhase section */
		8532ED6E2020035F008D2EDA /* Resources */ = {
			isa = PBXResourcesBuildPhase;
			buildActionMask = 2147483647;
			files = (
				8532ED7E2020035F008D2EDA /* LaunchScreen.storyboard in Resources */,
				8532ED7B2020035F008D2EDA /* Assets.xcassets in Resources */,
				8532ED792020035F008D2EDA /* Main.storyboard in Resources */,
			);
			runOnlyForDeploymentPostprocessing = 0;
		};
		8532ED8220200360008D2EDA /* Resources */ = {
			isa = PBXResourcesBuildPhase;
			buildActionMask = 2147483647;
			files = (
			);
			runOnlyForDeploymentPostprocessing = 0;
		};
		8532ED8D20200360008D2EDA /* Resources */ = {
			isa = PBXResourcesBuildPhase;
			buildActionMask = 2147483647;
			files = (
			);
			runOnlyForDeploymentPostprocessing = 0;
		};
/* End PBXResourcesBuildPhase section */

/* Begin PBXSourcesBuildPhase section */
		8532ED6C2020035F008D2EDA /* Sources */ = {
			isa = PBXSourcesBuildPhase;
			buildActionMask = 2147483647;
			files = (
				8532ED762020035F008D2EDA /* ViewController.swift in Sources */,
				8532ED742020035F008D2EDA /* AppDelegate.swift in Sources */,
			);
			runOnlyForDeploymentPostprocessing = 0;
		};
		8532ED8020200360008D2EDA /* Sources */ = {
			isa = PBXSourcesBuildPhase;
			buildActionMask = 2147483647;
			files = (
				8532ED8920200360008D2EDA /* practica_transicionesTests.swift in Sources */,
			);
			runOnlyForDeploymentPostprocessing = 0;
		};
		8532ED8B20200360008D2EDA /* Sources */ = {
			isa = PBXSourcesBuildPhase;
			buildActionMask = 2147483647;
			files = (
				8532ED9420200360008D2EDA /* practica_transicionesUITests.swift in Sources */,
			);
			runOnlyForDeploymentPostprocessing = 0;
		};
/* End PBXSourcesBuildPhase section */

/* Begin PBXTargetDependency section */
		8532ED8620200360008D2EDA /* PBXTargetDependency */ = {
			isa = PBXTargetDependency;
			target = 8532ED6F2020035F008D2EDA /* practica_transiciones */;
			targetProxy = 8532ED8520200360008D2EDA /* PBXContainerItemProxy */;
		};
		8532ED9120200360008D2EDA /* PBXTargetDependency */ = {
			isa = PBXTargetDependency;
			target = 8532ED6F2020035F008D2EDA /* practica_transiciones */;
			targetProxy = 8532ED9020200360008D2EDA /* PBXContainerItemProxy */;
		};
/* End PBXTargetDependency section */

/* Begin PBXVariantGroup section */
		8532ED772020035F008D2EDA /* Main.storyboard */ = {
			isa = PBXVariantGroup;
			children = (
				8532ED782020035F008D2EDA /* Base */,
			);
			name = Main.storyboard;
			sourceTree = "<group>";
		};
		8532ED7C2020035F008D2EDA /* LaunchScreen.storyboard */ = {
			isa = PBXVariantGroup;
			children = (
				8532ED7D2020035F008D2EDA /* Base */,
			);
			name = LaunchScreen.storyboard;
			sourceTree = "<group>";
		};
/* End PBXVariantGroup section */

/* Begin XCBuildConfiguration section */
		8532ED9620200360008D2EDA /* Debug */ = {
			isa = XCBuildConfiguration;
			buildSettings = {
				ALWAYS_SEARCH_USER_PATHS = NO;
				CLANG_ANALYZER_NONNULL = YES;
				CLANG_CXX_LANGUAGE_STANDARD = "gnu++0x";
				CLANG_CXX_LIBRARY = "libc++";
				CLANG_ENABLE_MODULES = YES;
				CLANG_ENABLE_OBJC_ARC = YES;
				CLANG_WARN_BOOL_CONVERSION = YES;
				CLANG_WARN_CONSTANT_CONVERSION = YES;
				CLANG_WARN_DIRECT_OBJC_ISA_USAGE = YES_ERROR;
				CLANG_WARN_DOCUMENTATION_COMMENTS = YES;
				CLANG_WARN_EMPTY_BODY = YES;
				CLANG_WARN_ENUM_CONVERSION = YES;
				CLANG_WARN_INFINITE_RECURSION = YES;
				CLANG_WARN_INT_CONVERSION = YES;
				CLANG_WARN_OBJC_ROOT_CLASS = YES_ERROR;
				CLANG_WARN_SUSPICIOUS_MOVE = YES;
				CLANG_WARN_UNREACHABLE_CODE = YES;
				CLANG_WARN__DUPLICATE_METHOD_MATCH = YES;
				"CODE_SIGN_IDENTITY[sdk=iphoneos*]" = "iPhone Developer";
				COPY_PHASE_STRIP = NO;
				DEBUG_INFORMATION_FORMAT = dwarf;
				ENABLE_STRICT_OBJC_MSGSEND = YES;
				ENABLE_TESTABILITY = YES;
				GCC_C_LANGUAGE_STANDARD = gnu99;
				GCC_DYNAMIC_NO_PIC = NO;
				GCC_NO_COMMON_BLOCKS = YES;
				GCC_OPTIMIZATION_LEVEL = 0;
				GCC_PREPROCESSOR_DEFINITIONS = (
					"DEBUG=1",
					"$(inherited)",
				);
				GCC_WARN_64_TO_32_BIT_CONVERSION = YES;
				GCC_WARN_ABOUT_RETURN_TYPE = YES_ERROR;
				GCC_WARN_UNDECLARED_SELECTOR = YES;
				GCC_WARN_UNINITIALIZED_AUTOS = YES_AGGRESSIVE;
				GCC_WARN_UNUSED_FUNCTION = YES;
				GCC_WARN_UNUSED_VARIABLE = YES;
				IPHONEOS_DEPLOYMENT_TARGET = 10.2;
				MTL_ENABLE_DEBUG_INFO = YES;
				ONLY_ACTIVE_ARCH = YES;
				SDKROOT = iphoneos;
				SWIFT_ACTIVE_COMPILATION_CONDITIONS = DEBUG;
				SWIFT_OPTIMIZATION_LEVEL = "-Onone";
				TARGETED_DEVICE_FAMILY = "1,2";
			};
			name = Debug;
		};
		8532ED9720200360008D2EDA /* Release */ = {
			isa = XCBuildConfiguration;
			buildSettings = {
				ALWAYS_SEARCH_USER_PATHS = NO;
				CLANG_ANALYZER_NONNULL = YES;
				CLANG_CXX_LANGUAGE_STANDARD = "gnu++0x";
				CLANG_CXX_LIBRARY = "libc++";
				CLANG_ENABLE_MODULES = YES;
				CLANG_ENABLE_OBJC_ARC = YES;
				CLANG_WARN_BOOL_CONVERSION = YES;
				CLANG_WARN_CONSTANT_CONVERSION = YES;
				CLANG_WARN_DIRECT_OBJC_ISA_USAGE = YES_ERROR;
				CLANG_WARN_DOCUMENTATION_COMMENTS = YES;
				CLANG_WARN_EMPTY_BODY = YES;
				CLANG_WARN_ENUM_CONVERSION = YES;
				CLANG_WARN_INFINITE_RECURSION = YES;
				CLANG_WARN_INT_CONVERSION = YES;
				CLANG_WARN_OBJC_ROOT_CLASS = YES_ERROR;
				CLANG_WARN_SUSPICIOUS_MOVE = YES;
				CLANG_WARN_UNREACHABLE_CODE = YES;
				CLANG_WARN__DUPLICATE_METHOD_MATCH = YES;
				"CODE_SIGN_IDENTITY[sdk=iphoneos*]" = "iPhone Developer";
				COPY_PHASE_STRIP = NO;
				DEBUG_INFORMATION_FORMAT = "dwarf-with-dsym";
				ENABLE_NS_ASSERTIONS = NO;
				ENABLE_STRICT_OBJC_MSGSEND = YES;
				GCC_C_LANGUAGE_STANDARD = gnu99;
				GCC_NO_COMMON_BLOCKS = YES;
				GCC_WARN_64_TO_32_BIT_CONVERSION = YES;
				GCC_WARN_ABOUT_RETURN_TYPE = YES_ERROR;
				GCC_WARN_UNDECLARED_SELECTOR = YES;
				GCC_WARN_UNINITIALIZED_AUTOS = YES_AGGRESSIVE;
				GCC_WARN_UNUSED_FUNCTION = YES;
				GCC_WARN_UNUSED_VARIABLE = YES;
				IPHONEOS_DEPLOYMENT_TARGET = 10.2;
				MTL_ENABLE_DEBUG_INFO = NO;
				SDKROOT = iphoneos;
				SWIFT_OPTIMIZATION_LEVEL = "-Owholemodule";
				TARGETED_DEVICE_FAMILY = "1,2";
				VALIDATE_PRODUCT = YES;
			};
			name = Release;
		};
		8532ED9920200360008D2EDA /* Debug */ = {
			isa = XCBuildConfiguration;
			buildSettings = {
				ASSETCATALOG_COMPILER_APPICON_NAME = AppIcon;
				INFOPLIST_FILE = practica_transiciones/Info.plist;
				LD_RUNPATH_SEARCH_PATHS = "$(inherited) @executable_path/Frameworks";
				PRODUCT_BUNDLE_IDENTIFIER = "edu.ulsa.practica-transiciones";
				PRODUCT_NAME = "$(TARGET_NAME)";
				SWIFT_VERSION = 3.0;
			};
			name = Debug;
		};
		8532ED9A20200360008D2EDA /* Release */ = {
			isa = XCBuildConfiguration;
			buildSettings = {
				ASSETCATALOG_COMPILER_APPICON_NAME = AppIcon;
				INFOPLIST_FILE = practica_transiciones/Info.plist;
				LD_RUNPATH_SEARCH_PATHS = "$(inherited) @executable_path/Frameworks";
				PRODUCT_BUNDLE_IDENTIFIER = "edu.ulsa.practica-transiciones";
				PRODUCT_NAME = "$(TARGET_NAME)";
				SWIFT_VERSION = 3.0;
			};
			name = Release;
		};
		8532ED9C20200360008D2EDA /* Debug */ = {
			isa = XCBuildConfiguration;
			buildSettings = {
				ALWAYS_EMBED_SWIFT_STANDARD_LIBRARIES = YES;
				BUNDLE_LOADER = "$(TEST_HOST)";
				INFOPLIST_FILE = practica_transicionesTests/Info.plist;
				LD_RUNPATH_SEARCH_PATHS = "$(inherited) @executable_path/Frameworks @loader_path/Frameworks";
				PRODUCT_BUNDLE_IDENTIFIER = "edu.ulsa.practica-transicionesTests";
				PRODUCT_NAME = "$(TARGET_NAME)";
				SWIFT_VERSION = 3.0;
				TEST_HOST = "$(BUILT_PRODUCTS_DIR)/practica_transiciones.app/practica_transiciones";
			};
			name = Debug;
		};
		8532ED9D20200360008D2EDA /* Release */ = {
			isa = XCBuildConfiguration;
			buildSettings = {
				ALWAYS_EMBED_SWIFT_STANDARD_LIBRARIES = YES;
				BUNDLE_LOADER = "$(TEST_HOST)";
				INFOPLIST_FILE = practica_transicionesTests/Info.plist;
				LD_RUNPATH_SEARCH_PATHS = "$(inherited) @executable_path/Frameworks @loader_path/Frameworks";
				PRODUCT_BUNDLE_IDENTIFIER = "edu.ulsa.practica-transicionesTests";
				PRODUCT_NAME = "$(TARGET_NAME)";
				SWIFT_VERSION = 3.0;
				TEST_HOST = "$(BUILT_PRODUCTS_DIR)/practica_transiciones.app/practica_transiciones";
			};
			name = Release;
		};
		8532ED9F20200360008D2EDA /* Debug */ = {
			isa = XCBuildConfiguration;
			buildSettings = {
				ALWAYS_EMBED_SWIFT_STANDARD_LIBRARIES = YES;
				INFOPLIST_FILE = practica_transicionesUITests/Info.plist;
				LD_RUNPATH_SEARCH_PATHS = "$(inherited) @executable_path/Frameworks @loader_path/Frameworks";
				PRODUCT_BUNDLE_IDENTIFIER = "edu.ulsa.practica-transicionesUITests";
				PRODUCT_NAME = "$(TARGET_NAME)";
				SWIFT_VERSION = 3.0;
				TEST_TARGET_NAME = practica_transiciones;
			};
			name = Debug;
		};
		8532EDA020200360008D2EDA /* Release */ = {
			isa = XCBuildConfiguration;
			buildSettings = {
				ALWAYS_EMBED_SWIFT_STANDARD_LIBRARIES = YES;
				INFOPLIST_FILE = practica_transicionesUITests/Info.plist;
				LD_RUNPATH_SEARCH_PATHS = "$(inherited) @executable_path/Frameworks @loader_path/Frameworks";
				PRODUCT_BUNDLE_IDENTIFIER = "edu.ulsa.practica-transicionesUITests";
				PRODUCT_NAME = "$(TARGET_NAME)";
				SWIFT_VERSION = 3.0;
				TEST_TARGET_NAME = practica_transiciones;
			};
			name = Release;
		};
/* End XCBuildConfiguration section */

/* Begin XCConfigurationList section */
		8532ED6B2020035F008D2EDA /* Build configuration list for PBXProject "practica_transiciones" */ = {
			isa = XCConfigurationList;
			buildConfigurations = (
				8532ED9620200360008D2EDA /* Debug */,
				8532ED9720200360008D2EDA /* Release */,
			);
			defaultConfigurationIsVisible = 0;
			defaultConfigurationName = Release;
		};
		8532ED9820200360008D2EDA /* Build configuration list for PBXNativeTarget "practica_transiciones" */ = {
			isa = XCConfigurationList;
			buildConfigurations = (
				8532ED9920200360008D2EDA /* Debug */,
				8532ED9A20200360008D2EDA /* Release */,
			);
			defaultConfigurationIsVisible = 0;
		};
		8532ED9B20200360008D2EDA /* Build configuration list for PBXNativeTarget "practica_transicionesTests" */ = {
			isa = XCConfigurationList;
			buildConfigurations = (
				8532ED9C20200360008D2EDA /* Debug */,
				8532ED9D20200360008D2EDA /* Release */,
			);
			defaultConfigurationIsVisible = 0;
		};
		8532ED9E20200360008D2EDA /* Build configuration list for PBXNativeTarget "practica_transicionesUITests" */ = {
			isa = XCConfigurationList;
			buildConfigurations = (
				8532ED9F20200360008D2EDA /* Debug */,
				8532EDA020200360008D2EDA /* Release */,
			);
			defaultConfigurationIsVisible = 0;
		};
/* End XCConfigurationList section */
	};
	rootObject = 8532ED682020035F008D2EDA /* Project object */;
}
